
Microsoft Visual Studio Solution File, Format Version 12.00
# Visual Studio Version 17
VisualStudioVersion = 17.9.34526.213
MinimumVisualStudioVersion = 10.0.40219.1
Project("{FAE04EC0-301F-11D3-BF4B-00C04F79EFBC}") = "MuromskyInspectorLib", "MuromskyInspectorLib\MuromskyInspectorLib.csproj", "{FD1CFAFA-A60A-45F4-BBA4-C9F2DD42BDBD}"
EndProject
Global
	GlobalSection(SolutionConfigurationPlatforms) = preSolution
		Debug|Any CPU = Debug|Any CPU
		Release|Any CPU = Release|Any CPU
	EndGlobalSection
	GlobalSection(ProjectConfigurationPlatforms) = postSolution
		{FD1CFAFA-A60A-45F4-BBA4-C9F2DD42BDBD}.Debug|Any CPU.ActiveCfg = Debug|Any CPU
		{FD1CFAFA-A60A-45F4-BBA4-C9F2DD42BDBD}.Debug|Any CPU.Build.0 = Debug|Any CPU
		{FD1CFAFA-A60A-45F4-BBA4-C9F2DD42BDBD}.Release|Any CPU.ActiveCfg = Release|Any CPU
		{FD1CFAFA-A60A-45F4-BBA4-C9F2DD42BDBD}.Release|Any CPU.Build.0 = Release|Any CPU
	EndGlobalSection
	GlobalSection(SolutionProperties) = preSolution
		HideSolutionNode = FALSE
	EndGlobalSection
	GlobalSection(ExtensibilityGlobals) = postSolution
		SolutionGuid = {35F5AF62-D2D3-45AB-B2CF-8338E9E032D5}
	EndGlobalSection
EndGlobal
